// !$*UTF8*$!
{
	archiveVersion = 1;
	classes = {
	};
	objectVersion = 56;
	objects = {

/* Begin PBXBuildFile section */
		A61C715C2A09E29600F684CF /* GameOverView.swift in Sources */ = {isa = PBXBuildFile; fileRef = A61C715B2A09E29600F684CF /* GameOverView.swift */; };
		A62091A42A08FA3C006B36C5 /* SpaceInvaderTestApp.swift in Sources */ = {isa = PBXBuildFile; fileRef = A62091A32A08FA3C006B36C5 /* SpaceInvaderTestApp.swift */; };
		A62091A82A08FA3D006B36C5 /* Assets.xcassets in Resources */ = {isa = PBXBuildFile; fileRef = A62091A72A08FA3D006B36C5 /* Assets.xcassets */; };
		A62091AB2A08FA3D006B36C5 /* Preview Assets.xcassets in Resources */ = {isa = PBXBuildFile; fileRef = A62091AA2A08FA3D006B36C5 /* Preview Assets.xcassets */; };
		A62091B22A08FA61006B36C5 /* GameScene.sks in Resources */ = {isa = PBXBuildFile; fileRef = A62091B12A08FA61006B36C5 /* GameScene.sks */; };
		A64BF4D72A08FCDF00AEC996 /* SpriteKit.framework in Frameworks */ = {isa = PBXBuildFile; fileRef = A62091B42A08FB8A006B36C5 /* SpriteKit.framework */; };
		A6524E642A094BA9008F87FC /* fireParticle.sks in Resources */ = {isa = PBXBuildFile; fileRef = A6524E622A094BA9008F87FC /* fireParticle.sks */; };
		A6524E652A094BA9008F87FC /* Assets.xcassets in Resources */ = {isa = PBXBuildFile; fileRef = A6524E632A094BA9008F87FC /* Assets.xcassets */; };
		A6524E672A09614D008F87FC /* GameController.swift in Sources */ = {isa = PBXBuildFile; fileRef = A6524E662A09614D008F87FC /* GameController.swift */; };
		A67C106A2A0F8BE5002EE485 /* PlayView.swift in Sources */ = {isa = PBXBuildFile; fileRef = A67C10692A0F8BE5002EE485 /* PlayView.swift */; };
		A67C106C2A0F8C55002EE485 /* GameScene.swift in Sources */ = {isa = PBXBuildFile; fileRef = A67C106B2A0F8C55002EE485 /* GameScene.swift */; };
		A67C106E2A0F9C1E002EE485 /* EmptyScene.sks in Resources */ = {isa = PBXBuildFile; fileRef = A67C106D2A0F9C1E002EE485 /* EmptyScene.sks */; };
		A6DF8EC82A0F7D5D00E83E1E /* HomeView.swift in Sources */ = {isa = PBXBuildFile; fileRef = A6DF8EC72A0F7D5D00E83E1E /* HomeView.swift */; };
		A6DF8ECC2A0F820900E83E1E /* VT323-Regular.ttf in Resources */ = {isa = PBXBuildFile; fileRef = A6DF8ECB2A0F820900E83E1E /* VT323-Regular.ttf */; };
		A6DF8ECF2A0F8A5700E83E1E /* GameView.swift in Sources */ = {isa = PBXBuildFile; fileRef = A6DF8ECE2A0F8A5700E83E1E /* GameView.swift */; };
/* End PBXBuildFile section */

/* Begin PBXFileReference section */
		A61C715B2A09E29600F684CF /* GameOverView.swift */ = {isa = PBXFileReference; lastKnownFileType = sourcecode.swift; path = GameOverView.swift; sourceTree = "<group>"; };
		A62091A02A08FA3C006B36C5 /* SpaceInvaderTest.app */ = {isa = PBXFileReference; explicitFileType = wrapper.application; includeInIndex = 0; path = SpaceInvaderTest.app; sourceTree = BUILT_PRODUCTS_DIR; };
		A62091A32A08FA3C006B36C5 /* SpaceInvaderTestApp.swift */ = {isa = PBXFileReference; lastKnownFileType = sourcecode.swift; path = SpaceInvaderTestApp.swift; sourceTree = "<group>"; };
		A62091A72A08FA3D006B36C5 /* Assets.xcassets */ = {isa = PBXFileReference; lastKnownFileType = folder.assetcatalog; path = Assets.xcassets; sourceTree = "<group>"; };
		A62091AA2A08FA3D006B36C5 /* Preview Assets.xcassets */ = {isa = PBXFileReference; lastKnownFileType = folder.assetcatalog; path = "Preview Assets.xcassets"; sourceTree = "<group>"; };
		A62091B12A08FA61006B36C5 /* GameScene.sks */ = {isa = PBXFileReference; lastKnownFileType = file.sks; path = GameScene.sks; sourceTree = "<group>"; };
		A62091B42A08FB8A006B36C5 /* SpriteKit.framework */ = {isa = PBXFileReference; lastKnownFileType = wrapper.framework; name = SpriteKit.framework; path = System/Library/Frameworks/SpriteKit.framework; sourceTree = SDKROOT; };
		A6524E622A094BA9008F87FC /* fireParticle.sks */ = {isa = PBXFileReference; lastKnownFileType = file.sks; path = fireParticle.sks; sourceTree = "<group>"; };
		A6524E632A094BA9008F87FC /* Assets.xcassets */ = {isa = PBXFileReference; lastKnownFileType = folder.assetcatalog; path = Assets.xcassets; sourceTree = "<group>"; };
		A6524E662A09614D008F87FC /* GameController.swift */ = {isa = PBXFileReference; lastKnownFileType = sourcecode.swift; path = GameController.swift; sourceTree = "<group>"; };
		A67C10692A0F8BE5002EE485 /* PlayView.swift */ = {isa = PBXFileReference; lastKnownFileType = sourcecode.swift; path = PlayView.swift; sourceTree = "<group>"; };
		A67C106B2A0F8C55002EE485 /* GameScene.swift */ = {isa = PBXFileReference; lastKnownFileType = sourcecode.swift; path = GameScene.swift; sourceTree = "<group>"; };
		A67C106D2A0F9C1E002EE485 /* EmptyScene.sks */ = {isa = PBXFileReference; lastKnownFileType = file.sks; path = EmptyScene.sks; sourceTree = "<group>"; };
		A6DF8EC72A0F7D5D00E83E1E /* HomeView.swift */ = {isa = PBXFileReference; lastKnownFileType = sourcecode.swift; path = HomeView.swift; sourceTree = "<group>"; };
		A6DF8ECB2A0F820900E83E1E /* VT323-Regular.ttf */ = {isa = PBXFileReference; lastKnownFileType = file; path = "VT323-Regular.ttf"; sourceTree = "<group>"; };
		A6DF8ECD2A0F823900E83E1E /* Info.plist */ = {isa = PBXFileReference; lastKnownFileType = text.plist; path = Info.plist; sourceTree = "<group>"; };
		A6DF8ECE2A0F8A5700E83E1E /* GameView.swift */ = {isa = PBXFileReference; lastKnownFileType = sourcecode.swift; path = GameView.swift; sourceTree = "<group>"; };
/* End PBXFileReference section */

/* Begin PBXFrameworksBuildPhase section */
		A620919D2A08FA3C006B36C5 /* Frameworks */ = {
			isa = PBXFrameworksBuildPhase;
			buildActionMask = 2147483647;
			files = (
				A64BF4D72A08FCDF00AEC996 /* SpriteKit.framework in Frameworks */,
			);
			runOnlyForDeploymentPostprocessing = 0;
		};
/* End PBXFrameworksBuildPhase section */

/* Begin PBXGroup section */
		A62091972A08FA3C006B36C5 = {
			isa = PBXGroup;
			children = (
				A6524E632A094BA9008F87FC /* Assets.xcassets */,
				A62091A22A08FA3C006B36C5 /* SpaceInvaderTest */,
				A62091A12A08FA3C006B36C5 /* Products */,
				A62091B32A08FB8A006B36C5 /* Frameworks */,
			);
			sourceTree = "<group>";
		};
		A62091A12A08FA3C006B36C5 /* Products */ = {
			isa = PBXGroup;
			children = (
				A62091A02A08FA3C006B36C5 /* SpaceInvaderTest.app */,
			);
			name = Products;
			sourceTree = "<group>";
		};
		A62091A22A08FA3C006B36C5 /* SpaceInvaderTest */ = {
			isa = PBXGroup;
			children = (
				A62091A32A08FA3C006B36C5 /* SpaceInvaderTestApp.swift */,
				A6DF8EC72A0F7D5D00E83E1E /* HomeView.swift */,
				A6DF8ECE2A0F8A5700E83E1E /* GameView.swift */,
				A67C10692A0F8BE5002EE485 /* PlayView.swift */,
				A61C715B2A09E29600F684CF /* GameOverView.swift */,
				A67C106B2A0F8C55002EE485 /* GameScene.swift */,
				A67C106D2A0F9C1E002EE485 /* EmptyScene.sks */,
				A6524E662A09614D008F87FC /* GameController.swift */,
				A62091B12A08FA61006B36C5 /* GameScene.sks */,
				A6DF8ECD2A0F823900E83E1E /* Info.plist */,
				A6524E622A094BA9008F87FC /* fireParticle.sks */,
				A62091A72A08FA3D006B36C5 /* Assets.xcassets */,
				A6DF8ECB2A0F820900E83E1E /* VT323-Regular.ttf */,
				A62091A92A08FA3D006B36C5 /* Preview Content */,
			);
			path = SpaceInvaderTest;
			sourceTree = "<group>";
		};
		A62091A92A08FA3D006B36C5 /* Preview Content */ = {
			isa = PBXGroup;
			children = (
				A62091AA2A08FA3D006B36C5 /* Preview Assets.xcassets */,
			);
			path = "Preview Content";
			sourceTree = "<group>";
		};
		A62091B32A08FB8A006B36C5 /* Frameworks */ = {
			isa = PBXGroup;
			children = (
				A62091B42A08FB8A006B36C5 /* SpriteKit.framework */,
			);
			name = Frameworks;
			sourceTree = "<group>";
		};
/* End PBXGroup section */

/* Begin PBXNativeTarget section */
		A620919F2A08FA3C006B36C5 /* SpaceInvaderTest */ = {
			isa = PBXNativeTarget;
			buildConfigurationList = A62091AE2A08FA3D006B36C5 /* Build configuration list for PBXNativeTarget "SpaceInvaderTest" */;
			buildPhases = (
				A620919C2A08FA3C006B36C5 /* Sources */,
				A620919D2A08FA3C006B36C5 /* Frameworks */,
				A620919E2A08FA3C006B36C5 /* Resources */,
			);
			buildRules = (
			);
			dependencies = (
			);
			name = SpaceInvaderTest;
			productName = SpaceInvaderTest;
			productReference = A62091A02A08FA3C006B36C5 /* SpaceInvaderTest.app */;
			productType = "com.apple.product-type.application";
		};
/* End PBXNativeTarget section */

/* Begin PBXProject section */
		A62091982A08FA3C006B36C5 /* Project object */ = {
			isa = PBXProject;
			attributes = {
				BuildIndependentTargetsInParallel = 1;
				LastSwiftUpdateCheck = 1430;
				LastUpgradeCheck = 1430;
				TargetAttributes = {
					A620919F2A08FA3C006B36C5 = {
						CreatedOnToolsVersion = 14.3;
					};
				};
			};
			buildConfigurationList = A620919B2A08FA3C006B36C5 /* Build configuration list for PBXProject "SpaceInvaderTest" */;
			compatibilityVersion = "Xcode 14.0";
			developmentRegion = en;
			hasScannedForEncodings = 0;
			knownRegions = (
				en,
				Base,
			);
			mainGroup = A62091972A08FA3C006B36C5;
			productRefGroup = A62091A12A08FA3C006B36C5 /* Products */;
			projectDirPath = "";
			projectRoot = "";
			targets = (
				A620919F2A08FA3C006B36C5 /* SpaceInvaderTest */,
			);
		};
/* End PBXProject section */

/* Begin PBXResourcesBuildPhase section */
		A620919E2A08FA3C006B36C5 /* Resources */ = {
			isa = PBXResourcesBuildPhase;
			buildActionMask = 2147483647;
			files = (
				A62091AB2A08FA3D006B36C5 /* Preview Assets.xcassets in Resources */,
				A6524E642A094BA9008F87FC /* fireParticle.sks in Resources */,
				A62091B22A08FA61006B36C5 /* GameScene.sks in Resources */,
				A67C106E2A0F9C1E002EE485 /* EmptyScene.sks in Resources */,
				A62091A82A08FA3D006B36C5 /* Assets.xcassets in Resources */,
				A6DF8ECC2A0F820900E83E1E /* VT323-Regular.ttf in Resources */,
				A6524E652A094BA9008F87FC /* Assets.xcassets in Resources */,
			);
			runOnlyForDeploymentPostprocessing = 0;
		};
/* End PBXResourcesBuildPhase section */

/* Begin PBXSourcesBuildPhase section */
		A620919C2A08FA3C006B36C5 /* Sources */ = {
			isa = PBXSourcesBuildPhase;
			buildActionMask = 2147483647;
			files = (
				A61C715C2A09E29600F684CF /* GameOverView.swift in Sources */,
				A67C106A2A0F8BE5002EE485 /* PlayView.swift in Sources */,
				A67C106C2A0F8C55002EE485 /* GameScene.swift in Sources */,
				A6524E672A09614D008F87FC /* GameController.swift in Sources */,
				A6DF8EC82A0F7D5D00E83E1E /* HomeView.swift in Sources */,
				A62091A42A08FA3C006B36C5 /* SpaceInvaderTestApp.swift in Sources */,
				A6DF8ECF2A0F8A5700E83E1E /* GameView.swift in Sources */,
			);
			runOnlyForDeploymentPostprocessing = 0;
		};
/* End PBXSourcesBuildPhase section */

/* Begin XCBuildConfiguration section */
		A62091AC2A08FA3D006B36C5 /* Debug */ = {
			isa = XCBuildConfiguration;
			buildSettings = {
				ALWAYS_SEARCH_USER_PATHS = NO;
				CLANG_ANALYZER_NONNULL = YES;
				CLANG_ANALYZER_NUMBER_OBJECT_CONVERSION = YES_AGGRESSIVE;
				CLANG_CXX_LANGUAGE_STANDARD = "gnu++20";
				CLANG_ENABLE_MODULES = YES;
				CLANG_ENABLE_OBJC_ARC = YES;
				CLANG_ENABLE_OBJC_WEAK = YES;
				CLANG_WARN_BLOCK_CAPTURE_AUTORELEASING = YES;
				CLANG_WARN_BOOL_CONVERSION = YES;
				CLANG_WARN_COMMA = YES;
				CLANG_WARN_CONSTANT_CONVERSION = YES;
				CLANG_WARN_DEPRECATED_OBJC_IMPLEMENTATIONS = YES;
				CLANG_WARN_DIRECT_OBJC_ISA_USAGE = YES_ERROR;
				CLANG_WARN_DOCUMENTATION_COMMENTS = YES;
				CLANG_WARN_EMPTY_BODY = YES;
				CLANG_WARN_ENUM_CONVERSION = YES;
				CLANG_WARN_INFINITE_RECURSION = YES;
				CLANG_WARN_INT_CONVERSION = YES;
				CLANG_WARN_NON_LITERAL_NULL_CONVERSION = YES;
				CLANG_WARN_OBJC_IMPLICIT_RETAIN_SELF = YES;
				CLANG_WARN_OBJC_LITERAL_CONVERSION = YES;
				CLANG_WARN_OBJC_ROOT_CLASS = YES_ERROR;
				CLANG_WARN_QUOTED_INCLUDE_IN_FRAMEWORK_HEADER = YES;
				CLANG_WARN_RANGE_LOOP_ANALYSIS = YES;
				CLANG_WARN_STRICT_PROTOTYPES = YES;
				CLANG_WARN_SUSPICIOUS_MOVE = YES;
				CLANG_WARN_UNGUARDED_AVAILABILITY = YES_AGGRESSIVE;
				CLANG_WARN_UNREACHABLE_CODE = YES;
				CLANG_WARN__DUPLICATE_METHOD_MATCH = YES;
				COPY_PHASE_STRIP = NO;
				DEBUG_INFORMATION_FORMAT = dwarf;
				ENABLE_STRICT_OBJC_MSGSEND = YES;
				ENABLE_TESTABILITY = YES;
				GCC_C_LANGUAGE_STANDARD = gnu11;
				GCC_DYNAMIC_NO_PIC = NO;
				GCC_NO_COMMON_BLOCKS = YES;
				GCC_OPTIMIZATION_LEVEL = 0;
				GCC_PREPROCESSOR_DEFINITIONS = (
					"DEBUG=1",
					"$(inherited)",
				);
				GCC_WARN_64_TO_32_BIT_CONVERSION = YES;
				GCC_WARN_ABOUT_RETURN_TYPE = YES_ERROR;
				GCC_WARN_UNDECLARED_SELECTOR = YES;
				GCC_WARN_UNINITIALIZED_AUTOS = YES_AGGRESSIVE;
				GCC_WARN_UNUSED_FUNCTION = YES;
				GCC_WARN_UNUSED_VARIABLE = YES;
				IPHONEOS_DEPLOYMENT_TARGET = 16.4;
				MTL_ENABLE_DEBUG_INFO = INCLUDE_SOURCE;
				MTL_FAST_MATH = YES;
				ONLY_ACTIVE_ARCH = YES;
				SDKROOT = iphoneos;
				SWIFT_ACTIVE_COMPILATION_CONDITIONS = DEBUG;
				SWIFT_OPTIMIZATION_LEVEL = "-Onone";
			};
			name = Debug;
		};
		A62091AD2A08FA3D006B36C5 /* Release */ = {
			isa = XCBuildConfiguration;
			buildSettings = {
				ALWAYS_SEARCH_USER_PATHS = NO;
				CLANG_ANALYZER_NONNULL = YES;
				CLANG_ANALYZER_NUMBER_OBJECT_CONVERSION = YES_AGGRESSIVE;
				CLANG_CXX_LANGUAGE_STANDARD = "gnu++20";
				CLANG_ENABLE_MODULES = YES;
				CLANG_ENABLE_OBJC_ARC = YES;
				CLANG_ENABLE_OBJC_WEAK = YES;
				CLANG_WARN_BLOCK_CAPTURE_AUTORELEASING = YES;
				CLANG_WARN_BOOL_CONVERSION = YES;
				CLANG_WARN_COMMA = YES;
				CLANG_WARN_CONSTANT_CONVERSION = YES;
				CLANG_WARN_DEPRECATED_OBJC_IMPLEMENTATIONS = YES;
				CLANG_WARN_DIRECT_OBJC_ISA_USAGE = YES_ERROR;
				CLANG_WARN_DOCUMENTATION_COMMENTS = YES;
				CLANG_WARN_EMPTY_BODY = YES;
				CLANG_WARN_ENUM_CONVERSION = YES;
				CLANG_WARN_INFINITE_RECURSION = YES;
				CLANG_WARN_INT_CONVERSION = YES;
				CLANG_WARN_NON_LITERAL_NULL_CONVERSION = YES;
				CLANG_WARN_OBJC_IMPLICIT_RETAIN_SELF = YES;
				CLANG_WARN_OBJC_LITERAL_CONVERSION = YES;
				CLANG_WARN_OBJC_ROOT_CLASS = YES_ERROR;
				CLANG_WARN_QUOTED_INCLUDE_IN_FRAMEWORK_HEADER = YES;
				CLANG_WARN_RANGE_LOOP_ANALYSIS = YES;
				CLANG_WARN_STRICT_PROTOTYPES = YES;
				CLANG_WARN_SUSPICIOUS_MOVE = YES;
				CLANG_WARN_UNGUARDED_AVAILABILITY = YES_AGGRESSIVE;
				CLANG_WARN_UNREACHABLE_CODE = YES;
				CLANG_WARN__DUPLICATE_METHOD_MATCH = YES;
				COPY_PHASE_STRIP = NO;
				DEBUG_INFORMATION_FORMAT = "dwarf-with-dsym";
				ENABLE_NS_ASSERTIONS = NO;
				ENABLE_STRICT_OBJC_MSGSEND = YES;
				GCC_C_LANGUAGE_STANDARD = gnu11;
				GCC_NO_COMMON_BLOCKS = YES;
				GCC_WARN_64_TO_32_BIT_CONVERSION = YES;
				GCC_WARN_ABOUT_RETURN_TYPE = YES_ERROR;
				GCC_WARN_UNDECLARED_SELECTOR = YES;
				GCC_WARN_UNINITIALIZED_AUTOS = YES_AGGRESSIVE;
				GCC_WARN_UNUSED_FUNCTION = YES;
				GCC_WARN_UNUSED_VARIABLE = YES;
				IPHONEOS_DEPLOYMENT_TARGET = 16.4;
				MTL_ENABLE_DEBUG_INFO = NO;
				MTL_FAST_MATH = YES;
				SDKROOT = iphoneos;
				SWIFT_COMPILATION_MODE = wholemodule;
				SWIFT_OPTIMIZATION_LEVEL = "-O";
				VALIDATE_PRODUCT = YES;
			};
			name = Release;
		};
		A62091AF2A08FA3D006B36C5 /* Debug */ = {
			isa = XCBuildConfiguration;
			buildSettings = {
				ASSETCATALOG_COMPILER_APPICON_NAME = AppIcon;
				ASSETCATALOG_COMPILER_GLOBAL_ACCENT_COLOR_NAME = AccentColor;
				CODE_SIGN_STYLE = Automatic;
				CURRENT_PROJECT_VERSION = 1;
				DEVELOPMENT_ASSET_PATHS = "\"SpaceInvaderTest/Preview Content\"";
				DEVELOPMENT_TEAM = 5LSQ3C9W8U;
				ENABLE_PREVIEWS = YES;
				GENERATE_INFOPLIST_FILE = YES;
				INFOPLIST_FILE = SpaceInvaderTest/Info.plist;
				INFOPLIST_KEY_UIApplicationSceneManifest_Generation = YES;
				INFOPLIST_KEY_UIApplicationSupportsIndirectInputEvents = YES;
				INFOPLIST_KEY_UILaunchScreen_Generation = YES;
				INFOPLIST_KEY_UISupportedInterfaceOrientations_iPad = "UIInterfaceOrientationPortrait UIInterfaceOrientationPortraitUpsideDown UIInterfaceOrientationLandscapeLeft UIInterfaceOrientationLandscapeRight";
				INFOPLIST_KEY_UISupportedInterfaceOrientations_iPhone = "UIInterfaceOrientationPortrait UIInterfaceOrientationLandscapeLeft UIInterfaceOrientationLandscapeRight";
				IPHONEOS_DEPLOYMENT_TARGET = 16.1;
				LD_RUNPATH_SEARCH_PATHS = (
					"$(inherited)",
					"@executable_path/Frameworks",
				);
				MARKETING_VERSION = 1.0;
				PRODUCT_BUNDLE_IDENTIFIER = com.mrezkys.SpaceInvaderTest;
				PRODUCT_NAME = "$(TARGET_NAME)";
				SWIFT_EMIT_LOC_STRINGS = YES;
				SWIFT_VERSION = 5.0;
				TARGETED_DEVICE_FAMILY = "1,2";
			};
			name = Debug;
		};
		A62091B02A08FA3D006B36C5 /* Release */ = {
			isa = XCBuildConfiguration;
			buildSettings = {
				ASSETCATALOG_COMPILER_APPICON_NAME = AppIcon;
				ASSETCATALOG_COMPILER_GLOBAL_ACCENT_COLOR_NAME = AccentColor;
				CODE_SIGN_STYLE = Automatic;
				CURRENT_PROJECT_VERSION = 1;
				DEVELOPMENT_ASSET_PATHS = "\"SpaceInvaderTest/Preview Content\"";
				DEVELOPMENT_TEAM = 5LSQ3C9W8U;
				ENABLE_PREVIEWS = YES;
				GENERATE_INFOPLIST_FILE = YES;
				INFOPLIST_FILE = SpaceInvaderTest/Info.plist;
				INFOPLIST_KEY_UIApplicationSceneManifest_Generation = YES;
				INFOPLIST_KEY_UIApplicationSupportsIndirectInputEvents = YES;
				INFOPLIST_KEY_UILaunchScreen_Generation = YES;
				INFOPLIST_KEY_UISupportedInterfaceOrientations_iPad = "UIInterfaceOrientationPortrait UIInterfaceOrientationPortraitUpsideDown UIInterfaceOrientationLandscapeLeft UIInterfaceOrientationLandscapeRight";
				INFOPLIST_KEY_UISupportedInterfaceOrientations_iPhone = "UIInterfaceOrientationPortrait UIInterfaceOrientationLandscapeLeft UIInterfaceOrientationLandscapeRight";
				IPHONEOS_DEPLOYMENT_TARGET = 16.1;
				LD_RUNPATH_SEARCH_PATHS = (
					"$(inherited)",
					"@executable_path/Frameworks",
				);
				MARKETING_VERSION = 1.0;
				PRODUCT_BUNDLE_IDENTIFIER = com.mrezkys.SpaceInvaderTest;
				PRODUCT_NAME = "$(TARGET_NAME)";
				SWIFT_EMIT_LOC_STRINGS = YES;
				SWIFT_VERSION = 5.0;
				TARGETED_DEVICE_FAMILY = "1,2";
			};
			name = Release;
		};
/* End XCBuildConfiguration section */

/* Begin XCConfigurationList section */
		A620919B2A08FA3C006B36C5 /* Build configuration list for PBXProject "SpaceInvaderTest" */ = {
			isa = XCConfigurationList;
			buildConfigurations = (
				A62091AC2A08FA3D006B36C5 /* Debug */,
				A62091AD2A08FA3D006B36C5 /* Release */,
			);
			defaultConfigurationIsVisible = 0;
			defaultConfigurationName = Release;
		};
		A62091AE2A08FA3D006B36C5 /* Build configuration list for PBXNativeTarget "SpaceInvaderTest" */ = {
			isa = XCConfigurationList;
			buildConfigurations = (
				A62091AF2A08FA3D006B36C5 /* Debug */,
				A62091B02A08FA3D006B36C5 /* Release */,
			);
			defaultConfigurationIsVisible = 0;
			defaultConfigurationName = Release;
		};
/* End XCConfigurationList section */
	};
	rootObject = A62091982A08FA3C006B36C5 /* Project object */;
}
